
Microsoft Visual Studio Solution File, Format Version 12.00
# Visual Studio Version 16
VisualStudioVersion = 16.0.33130.400
MinimumVisualStudioVersion = 10.0.40219.1
Project("{FAE04EC0-301F-11D3-BF4B-00C04F79EFBC}") = "SerializationInXML", "SerializationInXML\SerializationInXML.csproj", "{6B811862-6C44-4CD4-BB0B-5711D9C5AE7B}"
EndProject
Global
	GlobalSection(SolutionConfigurationPlatforms) = preSolution
		Debug|Any CPU = Debug|Any CPU
		Release|Any CPU = Release|Any CPU
	EndGlobalSection
	GlobalSection(ProjectConfigurationPlatforms) = postSolution
		{6B811862-6C44-4CD4-BB0B-5711D9C5AE7B}.Debug|Any CPU.ActiveCfg = Debug|Any CPU
		{6B811862-6C44-4CD4-BB0B-5711D9C5AE7B}.Debug|Any CPU.Build.0 = Debug|Any CPU
		{6B811862-6C44-4CD4-BB0B-5711D9C5AE7B}.Release|Any CPU.ActiveCfg = Release|Any CPU
		{6B811862-6C44-4CD4-BB0B-5711D9C5AE7B}.Release|Any CPU.Build.0 = Release|Any CPU
	EndGlobalSection
	GlobalSection(SolutionProperties) = preSolution
		HideSolutionNode = FALSE
	EndGlobalSection
	GlobalSection(ExtensibilityGlobals) = postSolution
		SolutionGuid = {20E70FE4-D5F5-4900-A712-4403D27213CE}
	EndGlobalSection
EndGlobal
